// !$*UTF8*$!
{
	archiveVersion = 1;
	classes = {
	};
	objectVersion = 55;
	objects = {

/* Begin PBXBuildFile section */
		F361DCDD2BFE46E1008FFE03 /* FirebaseAnalytics in Frameworks */ = {isa = PBXBuildFile; productRef = F361DCDC2BFE46E1008FFE03 /* FirebaseAnalytics */; };
		F361DCDF2BFE46E1008FFE03 /* FirebaseAuth in Frameworks */ = {isa = PBXBuildFile; productRef = F361DCDE2BFE46E1008FFE03 /* FirebaseAuth */; };
		F361DCE12BFE46E1008FFE03 /* FirebaseDatabase in Frameworks */ = {isa = PBXBuildFile; productRef = F361DCE02BFE46E1008FFE03 /* FirebaseDatabase */; };
		F361DCE32BFE46E1008FFE03 /* FirebaseStorage in Frameworks */ = {isa = PBXBuildFile; productRef = F361DCE22BFE46E1008FFE03 /* FirebaseStorage */; };
		F361DCF02BFE55F1008FFE03 /* GoogleSignIn in Frameworks */ = {isa = PBXBuildFile; productRef = F361DCEF2BFE55F1008FFE03 /* GoogleSignIn */; };
		F361DCF22BFE55F1008FFE03 /* GoogleSignInSwift in Frameworks */ = {isa = PBXBuildFile; productRef = F361DCF12BFE55F1008FFE03 /* GoogleSignInSwift */; };
		F361DCF62BFE57AA008FFE03 /* GoogleService-Info.plist in Resources */ = {isa = PBXBuildFile; fileRef = F361DCF52BFE57AA008FFE03 /* GoogleService-Info.plist */; };
		F3942CE92C10B8B400CCA871 /* Snaps.swift in Sources */ = {isa = PBXBuildFile; fileRef = F3942CE82C10B8B400CCA871 /* Snaps.swift */; };
		F3942CEB2C10C34300CCA871 /* VerSnapViewController.swift in Sources */ = {isa = PBXBuildFile; fileRef = F3942CEA2C10C34300CCA871 /* VerSnapViewController.swift */; };
		F3942CEE2C10C56700CCA871 /* SDWebImage in Frameworks */ = {isa = PBXBuildFile; productRef = F3942CED2C10C56700CCA871 /* SDWebImage */; };
		F3942CF02C10C56700CCA871 /* SDWebImageMapKit in Frameworks */ = {isa = PBXBuildFile; productRef = F3942CEF2C10C56700CCA871 /* SDWebImageMapKit */; };
		F395DDA22C078F360063F650 /* SnapsViewController.swift in Sources */ = {isa = PBXBuildFile; fileRef = F395DDA12C078F360063F650 /* SnapsViewController.swift */; };
		F395DDA42C0797A20063F650 /* ImageViewController.swift in Sources */ = {isa = PBXBuildFile; fileRef = F395DDA32C0797A20063F650 /* ImageViewController.swift */; };
		F3A6CBED2C0E75AB00AE23BA /* ElegirUsuarioViewController.swift in Sources */ = {isa = PBXBuildFile; fileRef = F3A6CBEC2C0E75AB00AE23BA /* ElegirUsuarioViewController.swift */; };
		F3A6CBF12C0E7BA000AE23BA /* Usuario.swift in Sources */ = {isa = PBXBuildFile; fileRef = F3A6CBF02C0E7BA000AE23BA /* Usuario.swift */; };
		F3D49CEA2BFE42B600D405D7 /* AppDelegate.swift in Sources */ = {isa = PBXBuildFile; fileRef = F3D49CE92BFE42B600D405D7 /* AppDelegate.swift */; };
		F3D49CEC2BFE42B600D405D7 /* SceneDelegate.swift in Sources */ = {isa = PBXBuildFile; fileRef = F3D49CEB2BFE42B600D405D7 /* SceneDelegate.swift */; };
		F3D49CEE2BFE42B600D405D7 /* iniciarSesionViewController.swift in Sources */ = {isa = PBXBuildFile; fileRef = F3D49CED2BFE42B600D405D7 /* iniciarSesionViewController.swift */; };
		F3D49CF12BFE42B600D405D7 /* Main.storyboard in Resources */ = {isa = PBXBuildFile; fileRef = F3D49CEF2BFE42B600D405D7 /* Main.storyboard */; };
		F3D49CF32BFE42B700D405D7 /* Assets.xcassets in Resources */ = {isa = PBXBuildFile; fileRef = F3D49CF22BFE42B700D405D7 /* Assets.xcassets */; };
		F3D49CF62BFE42B700D405D7 /* LaunchScreen.storyboard in Resources */ = {isa = PBXBuildFile; fileRef = F3D49CF42BFE42B700D405D7 /* LaunchScreen.storyboard */; };
/* End PBXBuildFile section */

/* Begin PBXFileReference section */
		F361DCF52BFE57AA008FFE03 /* GoogleService-Info.plist */ = {isa = PBXFileReference; fileEncoding = 4; lastKnownFileType = text.plist.xml; path = "GoogleService-Info.plist"; sourceTree = "<group>"; };
		F3942CE82C10B8B400CCA871 /* Snaps.swift */ = {isa = PBXFileReference; lastKnownFileType = sourcecode.swift; path = Snaps.swift; sourceTree = "<group>"; };
		F3942CEA2C10C34300CCA871 /* VerSnapViewController.swift */ = {isa = PBXFileReference; lastKnownFileType = sourcecode.swift; path = VerSnapViewController.swift; sourceTree = "<group>"; };
		F395DDA02C078BE70063F650 /* TintayaSnapchat.entitlements */ = {isa = PBXFileReference; lastKnownFileType = text.plist.entitlements; path = TintayaSnapchat.entitlements; sourceTree = "<group>"; };
		F395DDA12C078F360063F650 /* SnapsViewController.swift */ = {isa = PBXFileReference; lastKnownFileType = sourcecode.swift; path = SnapsViewController.swift; sourceTree = "<group>"; };
		F395DDA32C0797A20063F650 /* ImageViewController.swift */ = {isa = PBXFileReference; lastKnownFileType = sourcecode.swift; path = ImageViewController.swift; sourceTree = "<group>"; };
		F3A6CBEC2C0E75AB00AE23BA /* ElegirUsuarioViewController.swift */ = {isa = PBXFileReference; lastKnownFileType = sourcecode.swift; path = ElegirUsuarioViewController.swift; sourceTree = "<group>"; };
		F3A6CBF02C0E7BA000AE23BA /* Usuario.swift */ = {isa = PBXFileReference; lastKnownFileType = sourcecode.swift; path = Usuario.swift; sourceTree = "<group>"; };
		F3D49CE62BFE42B600D405D7 /* TintayaSnapchat.app */ = {isa = PBXFileReference; explicitFileType = wrapper.application; includeInIndex = 0; path = TintayaSnapchat.app; sourceTree = BUILT_PRODUCTS_DIR; };
		F3D49CE92BFE42B600D405D7 /* AppDelegate.swift */ = {isa = PBXFileReference; lastKnownFileType = sourcecode.swift; path = AppDelegate.swift; sourceTree = "<group>"; };
		F3D49CEB2BFE42B600D405D7 /* SceneDelegate.swift */ = {isa = PBXFileReference; lastKnownFileType = sourcecode.swift; path = SceneDelegate.swift; sourceTree = "<group>"; };
		F3D49CED2BFE42B600D405D7 /* iniciarSesionViewController.swift */ = {isa = PBXFileReference; lastKnownFileType = sourcecode.swift; path = iniciarSesionViewController.swift; sourceTree = "<group>"; };
		F3D49CF02BFE42B600D405D7 /* Base */ = {isa = PBXFileReference; lastKnownFileType = file.storyboard; name = Base; path = Base.lproj/Main.storyboard; sourceTree = "<group>"; };
		F3D49CF22BFE42B700D405D7 /* Assets.xcassets */ = {isa = PBXFileReference; lastKnownFileType = folder.assetcatalog; path = Assets.xcassets; sourceTree = "<group>"; };
		F3D49CF52BFE42B700D405D7 /* Base */ = {isa = PBXFileReference; lastKnownFileType = file.storyboard; name = Base; path = Base.lproj/LaunchScreen.storyboard; sourceTree = "<group>"; };
		F3D49CF72BFE42B700D405D7 /* Info.plist */ = {isa = PBXFileReference; lastKnownFileType = text.plist.xml; path = Info.plist; sourceTree = "<group>"; };
/* End PBXFileReference section */

/* Begin PBXFrameworksBuildPhase section */
		F3D49CE32BFE42B600D405D7 /* Frameworks */ = {
			isa = PBXFrameworksBuildPhase;
			buildActionMask = 2147483647;
			files = (
				F361DCF02BFE55F1008FFE03 /* GoogleSignIn in Frameworks */,
				F361DCE12BFE46E1008FFE03 /* FirebaseDatabase in Frameworks */,
				F361DCE32BFE46E1008FFE03 /* FirebaseStorage in Frameworks */,
				F3942CEE2C10C56700CCA871 /* SDWebImage in Frameworks */,
				F361DCF22BFE55F1008FFE03 /* GoogleSignInSwift in Frameworks */,
				F361DCDD2BFE46E1008FFE03 /* FirebaseAnalytics in Frameworks */,
				F3942CF02C10C56700CCA871 /* SDWebImageMapKit in Frameworks */,
				F361DCDF2BFE46E1008FFE03 /* FirebaseAuth in Frameworks */,
			);
			runOnlyForDeploymentPostprocessing = 0;
		};
/* End PBXFrameworksBuildPhase section */

/* Begin PBXGroup section */
		F3A6CBEE2C0E7B4900AE23BA /* ViewControllers */ = {
			isa = PBXGroup;
			children = (
				F3A6CBEC2C0E75AB00AE23BA /* ElegirUsuarioViewController.swift */,
				F395DDA32C0797A20063F650 /* ImageViewController.swift */,
				F395DDA12C078F360063F650 /* SnapsViewController.swift */,
				F3D49CED2BFE42B600D405D7 /* iniciarSesionViewController.swift */,
				F3942CEA2C10C34300CCA871 /* VerSnapViewController.swift */,
			);
			path = ViewControllers;
			sourceTree = "<group>";
		};
		F3A6CBEF2C0E7B8A00AE23BA /* Modelos */ = {
			isa = PBXGroup;
			children = (
				F3A6CBF02C0E7BA000AE23BA /* Usuario.swift */,
				F3942CE82C10B8B400CCA871 /* Snaps.swift */,
			);
			path = Modelos;
			sourceTree = "<group>";
		};
		F3D49CDD2BFE42B600D405D7 = {
			isa = PBXGroup;
			children = (
				F3D49CE82BFE42B600D405D7 /* TintayaSnapchat */,
				F3D49CE72BFE42B600D405D7 /* Products */,
			);
			sourceTree = "<group>";
		};
		F3D49CE72BFE42B600D405D7 /* Products */ = {
			isa = PBXGroup;
			children = (
				F3D49CE62BFE42B600D405D7 /* TintayaSnapchat.app */,
			);
			name = Products;
			sourceTree = "<group>";
		};
		F3D49CE82BFE42B600D405D7 /* TintayaSnapchat */ = {
			isa = PBXGroup;
			children = (
				F3A6CBEF2C0E7B8A00AE23BA /* Modelos */,
				F3A6CBEE2C0E7B4900AE23BA /* ViewControllers */,
				F395DDA02C078BE70063F650 /* TintayaSnapchat.entitlements */,
				F3D49CE92BFE42B600D405D7 /* AppDelegate.swift */,
				F3D49CEB2BFE42B600D405D7 /* SceneDelegate.swift */,
				F3D49CEF2BFE42B600D405D7 /* Main.storyboard */,
				F3D49CF22BFE42B700D405D7 /* Assets.xcassets */,
				F3D49CF42BFE42B700D405D7 /* LaunchScreen.storyboard */,
				F3D49CF72BFE42B700D405D7 /* Info.plist */,
				F361DCF52BFE57AA008FFE03 /* GoogleService-Info.plist */,
			);
			path = TintayaSnapchat;
			sourceTree = "<group>";
		};
/* End PBXGroup section */

/* Begin PBXNativeTarget section */
		F3D49CE52BFE42B600D405D7 /* TintayaSnapchat */ = {
			isa = PBXNativeTarget;
			buildConfigurationList = F3D49CFA2BFE42B700D405D7 /* Build configuration list for PBXNativeTarget "TintayaSnapchat" */;
			buildPhases = (
				F3D49CE22BFE42B600D405D7 /* Sources */,
				F3D49CE32BFE42B600D405D7 /* Frameworks */,
				F3D49CE42BFE42B600D405D7 /* Resources */,
			);
			buildRules = (
			);
			dependencies = (
			);
			name = TintayaSnapchat;
			packageProductDependencies = (
				F361DCDC2BFE46E1008FFE03 /* FirebaseAnalytics */,
				F361DCDE2BFE46E1008FFE03 /* FirebaseAuth */,
				F361DCE02BFE46E1008FFE03 /* FirebaseDatabase */,
				F361DCE22BFE46E1008FFE03 /* FirebaseStorage */,
				F361DCEF2BFE55F1008FFE03 /* GoogleSignIn */,
				F361DCF12BFE55F1008FFE03 /* GoogleSignInSwift */,
				F3942CED2C10C56700CCA871 /* SDWebImage */,
				F3942CEF2C10C56700CCA871 /* SDWebImageMapKit */,
			);
			productName = TintayaSnapchat;
			productReference = F3D49CE62BFE42B600D405D7 /* TintayaSnapchat.app */;
			productType = "com.apple.product-type.application";
		};
/* End PBXNativeTarget section */

/* Begin PBXProject section */
		F3D49CDE2BFE42B600D405D7 /* Project object */ = {
			isa = PBXProject;
			attributes = {
				BuildIndependentTargetsInParallel = 1;
				LastSwiftUpdateCheck = 1340;
				LastUpgradeCheck = 1340;
				TargetAttributes = {
					F3D49CE52BFE42B600D405D7 = {
						CreatedOnToolsVersion = 13.4.1;
					};
				};
			};
			buildConfigurationList = F3D49CE12BFE42B600D405D7 /* Build configuration list for PBXProject "TintayaSnapchat" */;
			compatibilityVersion = "Xcode 13.0";
			developmentRegion = en;
			hasScannedForEncodings = 0;
			knownRegions = (
				en,
				Base,
			);
			mainGroup = F3D49CDD2BFE42B600D405D7;
			packageReferences = (
				F361DCDB2BFE46E1008FFE03 /* XCRemoteSwiftPackageReference "firebase-ios-sdk" */,
				F361DCEE2BFE55F1008FFE03 /* XCRemoteSwiftPackageReference "GoogleSignIn-iOS" */,
				F3942CEC2C10C56700CCA871 /* XCRemoteSwiftPackageReference "SDWebImage" */,
			);
			productRefGroup = F3D49CE72BFE42B600D405D7 /* Products */;
			projectDirPath = "";
			projectRoot = "";
			targets = (
				F3D49CE52BFE42B600D405D7 /* TintayaSnapchat */,
			);
		};
/* End PBXProject section */

/* Begin PBXResourcesBuildPhase section */
		F3D49CE42BFE42B600D405D7 /* Resources */ = {
			isa = PBXResourcesBuildPhase;
			buildActionMask = 2147483647;
			files = (
				F3D49CF62BFE42B700D405D7 /* LaunchScreen.storyboard in Resources */,
				F361DCF62BFE57AA008FFE03 /* GoogleService-Info.plist in Resources */,
				F3D49CF32BFE42B700D405D7 /* Assets.xcassets in Resources */,
				F3D49CF12BFE42B600D405D7 /* Main.storyboard in Resources */,
			);
			runOnlyForDeploymentPostprocessing = 0;
		};
/* End PBXResourcesBuildPhase section */

/* Begin PBXSourcesBuildPhase section */
		F3D49CE22BFE42B600D405D7 /* Sources */ = {
			isa = PBXSourcesBuildPhase;
			buildActionMask = 2147483647;
			files = (
				F395DDA22C078F360063F650 /* SnapsViewController.swift in Sources */,
				F3D49CEE2BFE42B600D405D7 /* iniciarSesionViewController.swift in Sources */,
				F3A6CBF12C0E7BA000AE23BA /* Usuario.swift in Sources */,
				F3942CE92C10B8B400CCA871 /* Snaps.swift in Sources */,
				F3942CEB2C10C34300CCA871 /* VerSnapViewController.swift in Sources */,
				F395DDA42C0797A20063F650 /* ImageViewController.swift in Sources */,
				F3D49CEA2BFE42B600D405D7 /* AppDelegate.swift in Sources */,
				F3D49CEC2BFE42B600D405D7 /* SceneDelegate.swift in Sources */,
				F3A6CBED2C0E75AB00AE23BA /* ElegirUsuarioViewController.swift in Sources */,
			);
			runOnlyForDeploymentPostprocessing = 0;
		};
/* End PBXSourcesBuildPhase section */

/* Begin PBXVariantGroup section */
		F3D49CEF2BFE42B600D405D7 /* Main.storyboard */ = {
			isa = PBXVariantGroup;
			children = (
				F3D49CF02BFE42B600D405D7 /* Base */,
			);
			name = Main.storyboard;
			sourceTree = "<group>";
		};
		F3D49CF42BFE42B700D405D7 /* LaunchScreen.storyboard */ = {
			isa = PBXVariantGroup;
			children = (
				F3D49CF52BFE42B700D405D7 /* Base */,
			);
			name = LaunchScreen.storyboard;
			sourceTree = "<group>";
		};
/* End PBXVariantGroup section */

/* Begin XCBuildConfiguration section */
		F3D49CF82BFE42B700D405D7 /* Debug */ = {
			isa = XCBuildConfiguration;
			buildSettings = {
				ALWAYS_SEARCH_USER_PATHS = NO;
				CLANG_ANALYZER_NONNULL = YES;
				CLANG_ANALYZER_NUMBER_OBJECT_CONVERSION = YES_AGGRESSIVE;
				CLANG_CXX_LANGUAGE_STANDARD = "gnu++17";
				CLANG_ENABLE_MODULES = YES;
				CLANG_ENABLE_OBJC_ARC = YES;
				CLANG_ENABLE_OBJC_WEAK = YES;
				CLANG_WARN_BLOCK_CAPTURE_AUTORELEASING = YES;
				CLANG_WARN_BOOL_CONVERSION = YES;
				CLANG_WARN_COMMA = YES;
				CLANG_WARN_CONSTANT_CONVERSION = YES;
				CLANG_WARN_DEPRECATED_OBJC_IMPLEMENTATIONS = YES;
				CLANG_WARN_DIRECT_OBJC_ISA_USAGE = YES_ERROR;
				CLANG_WARN_DOCUMENTATION_COMMENTS = YES;
				CLANG_WARN_EMPTY_BODY = YES;
				CLANG_WARN_ENUM_CONVERSION = YES;
				CLANG_WARN_INFINITE_RECURSION = YES;
				CLANG_WARN_INT_CONVERSION = YES;
				CLANG_WARN_NON_LITERAL_NULL_CONVERSION = YES;
				CLANG_WARN_OBJC_IMPLICIT_RETAIN_SELF = YES;
				CLANG_WARN_OBJC_LITERAL_CONVERSION = YES;
				CLANG_WARN_OBJC_ROOT_CLASS = YES_ERROR;
				CLANG_WARN_QUOTED_INCLUDE_IN_FRAMEWORK_HEADER = YES;
				CLANG_WARN_RANGE_LOOP_ANALYSIS = YES;
				CLANG_WARN_STRICT_PROTOTYPES = YES;
				CLANG_WARN_SUSPICIOUS_MOVE = YES;
				CLANG_WARN_UNGUARDED_AVAILABILITY = YES_AGGRESSIVE;
				CLANG_WARN_UNREACHABLE_CODE = YES;
				CLANG_WARN__DUPLICATE_METHOD_MATCH = YES;
				COPY_PHASE_STRIP = NO;
				DEBUG_INFORMATION_FORMAT = dwarf;
				ENABLE_STRICT_OBJC_MSGSEND = YES;
				ENABLE_TESTABILITY = YES;
				GCC_C_LANGUAGE_STANDARD = gnu11;
				GCC_DYNAMIC_NO_PIC = NO;
				GCC_NO_COMMON_BLOCKS = YES;
				GCC_OPTIMIZATION_LEVEL = 0;
				GCC_PREPROCESSOR_DEFINITIONS = (
					"DEBUG=1",
					"$(inherited)",
				);
				GCC_WARN_64_TO_32_BIT_CONVERSION = YES;
				GCC_WARN_ABOUT_RETURN_TYPE = YES_ERROR;
				GCC_WARN_UNDECLARED_SELECTOR = YES;
				GCC_WARN_UNINITIALIZED_AUTOS = YES_AGGRESSIVE;
				GCC_WARN_UNUSED_FUNCTION = YES;
				GCC_WARN_UNUSED_VARIABLE = YES;
				IPHONEOS_DEPLOYMENT_TARGET = 15.5;
				MTL_ENABLE_DEBUG_INFO = INCLUDE_SOURCE;
				MTL_FAST_MATH = YES;
				ONLY_ACTIVE_ARCH = YES;
				SDKROOT = iphoneos;
				SWIFT_ACTIVE_COMPILATION_CONDITIONS = DEBUG;
				SWIFT_OPTIMIZATION_LEVEL = "-Onone";
			};
			name = Debug;
		};
		F3D49CF92BFE42B700D405D7 /* Release */ = {
			isa = XCBuildConfiguration;
			buildSettings = {
				ALWAYS_SEARCH_USER_PATHS = NO;
				CLANG_ANALYZER_NONNULL = YES;
				CLANG_ANALYZER_NUMBER_OBJECT_CONVERSION = YES_AGGRESSIVE;
				CLANG_CXX_LANGUAGE_STANDARD = "gnu++17";
				CLANG_ENABLE_MODULES = YES;
				CLANG_ENABLE_OBJC_ARC = YES;
				CLANG_ENABLE_OBJC_WEAK = YES;
				CLANG_WARN_BLOCK_CAPTURE_AUTORELEASING = YES;
				CLANG_WARN_BOOL_CONVERSION = YES;
				CLANG_WARN_COMMA = YES;
				CLANG_WARN_CONSTANT_CONVERSION = YES;
				CLANG_WARN_DEPRECATED_OBJC_IMPLEMENTATIONS = YES;
				CLANG_WARN_DIRECT_OBJC_ISA_USAGE = YES_ERROR;
				CLANG_WARN_DOCUMENTATION_COMMENTS = YES;
				CLANG_WARN_EMPTY_BODY = YES;
				CLANG_WARN_ENUM_CONVERSION = YES;
				CLANG_WARN_INFINITE_RECURSION = YES;
				CLANG_WARN_INT_CONVERSION = YES;
				CLANG_WARN_NON_LITERAL_NULL_CONVERSION = YES;
				CLANG_WARN_OBJC_IMPLICIT_RETAIN_SELF = YES;
				CLANG_WARN_OBJC_LITERAL_CONVERSION = YES;
				CLANG_WARN_OBJC_ROOT_CLASS = YES_ERROR;
				CLANG_WARN_QUOTED_INCLUDE_IN_FRAMEWORK_HEADER = YES;
				CLANG_WARN_RANGE_LOOP_ANALYSIS = YES;
				CLANG_WARN_STRICT_PROTOTYPES = YES;
				CLANG_WARN_SUSPICIOUS_MOVE = YES;
				CLANG_WARN_UNGUARDED_AVAILABILITY = YES_AGGRESSIVE;
				CLANG_WARN_UNREACHABLE_CODE = YES;
				CLANG_WARN__DUPLICATE_METHOD_MATCH = YES;
				COPY_PHASE_STRIP = NO;
				DEBUG_INFORMATION_FORMAT = "dwarf-with-dsym";
				ENABLE_NS_ASSERTIONS = NO;
				ENABLE_STRICT_OBJC_MSGSEND = YES;
				GCC_C_LANGUAGE_STANDARD = gnu11;
				GCC_NO_COMMON_BLOCKS = YES;
				GCC_WARN_64_TO_32_BIT_CONVERSION = YES;
				GCC_WARN_ABOUT_RETURN_TYPE = YES_ERROR;
				GCC_WARN_UNDECLARED_SELECTOR = YES;
				GCC_WARN_UNINITIALIZED_AUTOS = YES_AGGRESSIVE;
				GCC_WARN_UNUSED_FUNCTION = YES;
				GCC_WARN_UNUSED_VARIABLE = YES;
				IPHONEOS_DEPLOYMENT_TARGET = 15.5;
				MTL_ENABLE_DEBUG_INFO = NO;
				MTL_FAST_MATH = YES;
				SDKROOT = iphoneos;
				SWIFT_COMPILATION_MODE = wholemodule;
				SWIFT_OPTIMIZATION_LEVEL = "-O";
				VALIDATE_PRODUCT = YES;
			};
			name = Release;
		};
		F3D49CFB2BFE42B700D405D7 /* Debug */ = {
			isa = XCBuildConfiguration;
			buildSettings = {
				ASSETCATALOG_COMPILER_APPICON_NAME = AppIcon;
				ASSETCATALOG_COMPILER_GLOBAL_ACCENT_COLOR_NAME = AccentColor;
				CODE_SIGN_ENTITLEMENTS = TintayaSnapchat/TintayaSnapchat.entitlements;
				CODE_SIGN_STYLE = Automatic;
				CURRENT_PROJECT_VERSION = 1;
				GENERATE_INFOPLIST_FILE = YES;
				INFOPLIST_FILE = TintayaSnapchat/Info.plist;
				INFOPLIST_KEY_UIApplicationSupportsIndirectInputEvents = YES;
				INFOPLIST_KEY_UILaunchStoryboardName = LaunchScreen;
				INFOPLIST_KEY_UIMainStoryboardFile = Main;
				INFOPLIST_KEY_UISupportedInterfaceOrientations_iPad = "UIInterfaceOrientationPortrait UIInterfaceOrientationPortraitUpsideDown UIInterfaceOrientationLandscapeLeft UIInterfaceOrientationLandscapeRight";
				INFOPLIST_KEY_UISupportedInterfaceOrientations_iPhone = "UIInterfaceOrientationPortrait UIInterfaceOrientationLandscapeLeft UIInterfaceOrientationLandscapeRight";
				LD_RUNPATH_SEARCH_PATHS = (
					"$(inherited)",
					"@executable_path/Frameworks",
				);
				MARKETING_VERSION = 1.0;
				PRODUCT_BUNDLE_IDENTIFIER = aldair.TintayaSnapchat;
				PRODUCT_NAME = "$(TARGET_NAME)";
				SWIFT_EMIT_LOC_STRINGS = YES;
				SWIFT_VERSION = 5.0;
				TARGETED_DEVICE_FAMILY = "1,2";
			};
			name = Debug;
		};
		F3D49CFC2BFE42B700D405D7 /* Release */ = {
			isa = XCBuildConfiguration;
			buildSettings = {
				ASSETCATALOG_COMPILER_APPICON_NAME = AppIcon;
				ASSETCATALOG_COMPILER_GLOBAL_ACCENT_COLOR_NAME = AccentColor;
				CODE_SIGN_ENTITLEMENTS = TintayaSnapchat/TintayaSnapchat.entitlements;
				CODE_SIGN_STYLE = Automatic;
				CURRENT_PROJECT_VERSION = 1;
				GENERATE_INFOPLIST_FILE = YES;
				INFOPLIST_FILE = TintayaSnapchat/Info.plist;
				INFOPLIST_KEY_UIApplicationSupportsIndirectInputEvents = YES;
				INFOPLIST_KEY_UILaunchStoryboardName = LaunchScreen;
				INFOPLIST_KEY_UIMainStoryboardFile = Main;
				INFOPLIST_KEY_UISupportedInterfaceOrientations_iPad = "UIInterfaceOrientationPortrait UIInterfaceOrientationPortraitUpsideDown UIInterfaceOrientationLandscapeLeft UIInterfaceOrientationLandscapeRight";
				INFOPLIST_KEY_UISupportedInterfaceOrientations_iPhone = "UIInterfaceOrientationPortrait UIInterfaceOrientationLandscapeLeft UIInterfaceOrientationLandscapeRight";
				LD_RUNPATH_SEARCH_PATHS = (
					"$(inherited)",
					"@executable_path/Frameworks",
				);
				MARKETING_VERSION = 1.0;
				PRODUCT_BUNDLE_IDENTIFIER = aldair.TintayaSnapchat;
				PRODUCT_NAME = "$(TARGET_NAME)";
				SWIFT_EMIT_LOC_STRINGS = YES;
				SWIFT_VERSION = 5.0;
				TARGETED_DEVICE_FAMILY = "1,2";
			};
			name = Release;
		};
/* End XCBuildConfiguration section */

/* Begin XCConfigurationList section */
		F3D49CE12BFE42B600D405D7 /* Build configuration list for PBXProject "TintayaSnapchat" */ = {
			isa = XCConfigurationList;
			buildConfigurations = (
				F3D49CF82BFE42B700D405D7 /* Debug */,
				F3D49CF92BFE42B700D405D7 /* Release */,
			);
			defaultConfigurationIsVisible = 0;
			defaultConfigurationName = Release;
		};
		F3D49CFA2BFE42B700D405D7 /* Build configuration list for PBXNativeTarget "TintayaSnapchat" */ = {
			isa = XCConfigurationList;
			buildConfigurations = (
				F3D49CFB2BFE42B700D405D7 /* Debug */,
				F3D49CFC2BFE42B700D405D7 /* Release */,
			);
			defaultConfigurationIsVisible = 0;
			defaultConfigurationName = Release;
		};
/* End XCConfigurationList section */

/* Begin XCRemoteSwiftPackageReference section */
		F361DCDB2BFE46E1008FFE03 /* XCRemoteSwiftPackageReference "firebase-ios-sdk" */ = {
			isa = XCRemoteSwiftPackageReference;
			repositoryURL = "https://github.com/firebase/firebase-ios-sdk";
			requirement = {
				kind = versionRange;
				maximumVersion = 10.0.0;
				minimumVersion = 9.0.0;
			};
		};
		F361DCEE2BFE55F1008FFE03 /* XCRemoteSwiftPackageReference "GoogleSignIn-iOS" */ = {
			isa = XCRemoteSwiftPackageReference;
			repositoryURL = "https://github.com/google/GoogleSignIn-iOS.git";
			requirement = {
				kind = versionRange;
				maximumVersion = 8.0.0;
				minimumVersion = 7.0.0;
			};
		};
		F3942CEC2C10C56700CCA871 /* XCRemoteSwiftPackageReference "SDWebImage" */ = {
			isa = XCRemoteSwiftPackageReference;
			repositoryURL = "https://github.com/SDWebImage/SDWebImage.git";
			requirement = {
				kind = versionRange;
				maximumVersion = 6.0.0;
				minimumVersion = 5.0.0;
			};
		};
/* End XCRemoteSwiftPackageReference section */

/* Begin XCSwiftPackageProductDependency section */
		F361DCDC2BFE46E1008FFE03 /* FirebaseAnalytics */ = {
			isa = XCSwiftPackageProductDependency;
			package = F361DCDB2BFE46E1008FFE03 /* XCRemoteSwiftPackageReference "firebase-ios-sdk" */;
			productName = FirebaseAnalytics;
		};
		F361DCDE2BFE46E1008FFE03 /* FirebaseAuth */ = {
			isa = XCSwiftPackageProductDependency;
			package = F361DCDB2BFE46E1008FFE03 /* XCRemoteSwiftPackageReference "firebase-ios-sdk" */;
			productName = FirebaseAuth;
		};
		F361DCE02BFE46E1008FFE03 /* FirebaseDatabase */ = {
			isa = XCSwiftPackageProductDependency;
			package = F361DCDB2BFE46E1008FFE03 /* XCRemoteSwiftPackageReference "firebase-ios-sdk" */;
			productName = FirebaseDatabase;
		};
		F361DCE22BFE46E1008FFE03 /* FirebaseStorage */ = {
			isa = XCSwiftPackageProductDependency;
			package = F361DCDB2BFE46E1008FFE03 /* XCRemoteSwiftPackageReference "firebase-ios-sdk" */;
			productName = FirebaseStorage;
		};
		F361DCEF2BFE55F1008FFE03 /* GoogleSignIn */ = {
			isa = XCSwiftPackageProductDependency;
			package = F361DCEE2BFE55F1008FFE03 /* XCRemoteSwiftPackageReference "GoogleSignIn-iOS" */;
			productName = GoogleSignIn;
		};
		F361DCF12BFE55F1008FFE03 /* GoogleSignInSwift */ = {
			isa = XCSwiftPackageProductDependency;
			package = F361DCEE2BFE55F1008FFE03 /* XCRemoteSwiftPackageReference "GoogleSignIn-iOS" */;
			productName = GoogleSignInSwift;
		};
		F3942CED2C10C56700CCA871 /* SDWebImage */ = {
			isa = XCSwiftPackageProductDependency;
			package = F3942CEC2C10C56700CCA871 /* XCRemoteSwiftPackageReference "SDWebImage" */;
			productName = SDWebImage;
		};
		F3942CEF2C10C56700CCA871 /* SDWebImageMapKit */ = {
			isa = XCSwiftPackageProductDependency;
			package = F3942CEC2C10C56700CCA871 /* XCRemoteSwiftPackageReference "SDWebImage" */;
			productName = SDWebImageMapKit;
		};
/* End XCSwiftPackageProductDependency section */
	};
	rootObject = F3D49CDE2BFE42B600D405D7 /* Project object */;
}
